// !$*UTF8*$!
{
	archiveVersion = 1;
	classes = {
	};
	objectVersion = 51;
	objects = {

/* Begin PBXBuildFile section */
		1A175D252443292C0073181C /* QuestionTableViewController.swift in Sources */ = {isa = PBXBuildFile; fileRef = 1A175D242443292C0073181C /* QuestionTableViewController.swift */; };
		1A175D29244467020073181C /* CustomMarker.swift in Sources */ = {isa = PBXBuildFile; fileRef = 1A175D28244467020073181C /* CustomMarker.swift */; };
		1A175D342445EE3D0073181C /* CustomMapAlertViewController.swift in Sources */ = {isa = PBXBuildFile; fileRef = 1A175D332445EE3D0073181C /* CustomMapAlertViewController.swift */; };
		1A186E8E24F7C1FE00AFE0C6 /* CustomDeleteAlertViewController.swift in Sources */ = {isa = PBXBuildFile; fileRef = 1A186E8D24F7C1FE00AFE0C6 /* CustomDeleteAlertViewController.swift */; };
		1A5723852432008B00ADDEBB /* AppDelegate.swift in Sources */ = {isa = PBXBuildFile; fileRef = 1A5723842432008B00ADDEBB /* AppDelegate.swift */; };
		1A5723872432008B00ADDEBB /* SceneDelegate.swift in Sources */ = {isa = PBXBuildFile; fileRef = 1A5723862432008B00ADDEBB /* SceneDelegate.swift */; };
		1A5723892432008B00ADDEBB /* ViewController.swift in Sources */ = {isa = PBXBuildFile; fileRef = 1A5723882432008B00ADDEBB /* ViewController.swift */; };
		1A57238C2432008B00ADDEBB /* Main.storyboard in Resources */ = {isa = PBXBuildFile; fileRef = 1A57238A2432008B00ADDEBB /* Main.storyboard */; };
		1A5723912432008D00ADDEBB /* Assets.xcassets in Resources */ = {isa = PBXBuildFile; fileRef = 1A5723902432008D00ADDEBB /* Assets.xcassets */; };
		1A5723942432008D00ADDEBB /* LaunchScreen.storyboard in Resources */ = {isa = PBXBuildFile; fileRef = 1A5723922432008D00ADDEBB /* LaunchScreen.storyboard */; };
		1A57239C243204B000ADDEBB /* RouteTableViewController.swift in Sources */ = {isa = PBXBuildFile; fileRef = 1A57239B243204B000ADDEBB /* RouteTableViewController.swift */; };
		1A5723A124320BC800ADDEBB /* RouteTableViewCell.swift in Sources */ = {isa = PBXBuildFile; fileRef = 1A5723A024320BC800ADDEBB /* RouteTableViewCell.swift */; };
		1A5723A324321F3A00ADDEBB /* MapViewController.swift in Sources */ = {isa = PBXBuildFile; fileRef = 1A5723A224321F3A00ADDEBB /* MapViewController.swift */; };
		1A5723AB24323F5000ADDEBB /* CustomInfoWindow.xib in Resources */ = {isa = PBXBuildFile; fileRef = 1A5723AA24323F5000ADDEBB /* CustomInfoWindow.xib */; };
		1A5723AD2432400200ADDEBB /* CustomInfoWindow.swift in Sources */ = {isa = PBXBuildFile; fileRef = 1A5723AC2432400200ADDEBB /* CustomInfoWindow.swift */; };
		1A5723B02432570700ADDEBB /* PlantsTableViewController.swift in Sources */ = {isa = PBXBuildFile; fileRef = 1A5723AF2432570700ADDEBB /* PlantsTableViewController.swift */; };
		1A5723B22433419E00ADDEBB /* ActivityViewController.swift in Sources */ = {isa = PBXBuildFile; fileRef = 1A5723B12433419E00ADDEBB /* ActivityViewController.swift */; };
		1A5723B42433487000ADDEBB /* InitViewController.swift in Sources */ = {isa = PBXBuildFile; fileRef = 1A5723B32433487000ADDEBB /* InitViewController.swift */; };
		1A5723B62433522C00ADDEBB /* CameraViewController.swift in Sources */ = {isa = PBXBuildFile; fileRef = 1A5723B52433522C00ADDEBB /* CameraViewController.swift */; };
		1A5E217D24F5322900A88E64 /* JSON in Resources */ = {isa = PBXBuildFile; fileRef = 1A5E217C24F5322900A88E64 /* JSON */; };
		1A5E217F24F567F200A88E64 /* JSONRequest.swift in Sources */ = {isa = PBXBuildFile; fileRef = 1A5E217E24F567F200A88E64 /* JSONRequest.swift */; };
		1A60E47F24E160B0001FC516 /* CustomPlantAlertViewController.swift in Sources */ = {isa = PBXBuildFile; fileRef = 1A60E47E24E160B0001FC516 /* CustomPlantAlertViewController.swift */; };
		1A60E48124E2ADF9001FC516 /* CustomTestAlertViewController.swift in Sources */ = {isa = PBXBuildFile; fileRef = 1A60E48024E2ADF9001FC516 /* CustomTestAlertViewController.swift */; };
		1A60E48624E5615D001FC516 /* CustomReportAlertViewController.swift in Sources */ = {isa = PBXBuildFile; fileRef = 1A60E48524E5615D001FC516 /* CustomReportAlertViewController.swift */; };
		1A60E48A24EA82AA001FC516 /* ZoomPhotoViewController.swift in Sources */ = {isa = PBXBuildFile; fileRef = 1A60E48924EA82AA001FC516 /* ZoomPhotoViewController.swift */; };
		1A60E48C24EA9EA3001FC516 /* CustomUIImage.swift in Sources */ = {isa = PBXBuildFile; fileRef = 1A60E48B24EA9EA3001FC516 /* CustomUIImage.swift */; };
		1A60E49124EBDAC3001FC516 /* ImageCollectionViewCell.swift in Sources */ = {isa = PBXBuildFile; fileRef = 1A60E48F24EBDAC3001FC516 /* ImageCollectionViewCell.swift */; };
		1A83BCC624DAB3BD00A69665 /* SendQuestionTableViewCell.swift in Sources */ = {isa = PBXBuildFile; fileRef = 1A83BCC524DAB3BD00A69665 /* SendQuestionTableViewCell.swift */; };
		1A83BCC824DC919200A69665 /* CustomColors.swift in Sources */ = {isa = PBXBuildFile; fileRef = 1A83BCC724DC919200A69665 /* CustomColors.swift */; };
		1A84BC842469915D00E92EE6 /* TFM_Botanica.xcdatamodeld in Sources */ = {isa = PBXBuildFile; fileRef = 1A84BC822469915D00E92EE6 /* TFM_Botanica.xcdatamodeld */; };
		1A84BC8A246AA9AC00E92EE6 /* QuestionTableViewCell.swift in Sources */ = {isa = PBXBuildFile; fileRef = 1A84BC89246AA9AC00E92EE6 /* QuestionTableViewCell.swift */; };
		1A84BC8C246AB42A00E92EE6 /* iOSDropDown.framework in Frameworks */ = {isa = PBXBuildFile; fileRef = 1A84BC8B246AB42A00E92EE6 /* iOSDropDown.framework */; };
		1AB2DB0324D593D800A2AB91 /* PlantsViewController.swift in Sources */ = {isa = PBXBuildFile; fileRef = 1AB2DB0224D593D800A2AB91 /* PlantsViewController.swift */; };
		1AB2DB0824D6001D00A2AB91 /* CustomHeaderViewRoutesTableViewCell.swift in Sources */ = {isa = PBXBuildFile; fileRef = 1AB2DB0624D6001D00A2AB91 /* CustomHeaderViewRoutesTableViewCell.swift */; };
		1AB2DB0924D6001D00A2AB91 /* CustomHeaderViewRoutesTableViewCell.xib in Resources */ = {isa = PBXBuildFile; fileRef = 1AB2DB0724D6001D00A2AB91 /* CustomHeaderViewRoutesTableViewCell.xib */; };
		1AB2DB0B24D6D13500A2AB91 /* PlantsTableViewCell.swift in Sources */ = {isa = PBXBuildFile; fileRef = 1AB2DB0A24D6D13500A2AB91 /* PlantsTableViewCell.swift */; };
		1AB2DB0E24D6D65300A2AB91 /* CustomHeaderViewPlantsTableViewCell.swift in Sources */ = {isa = PBXBuildFile; fileRef = 1AB2DB0C24D6D65300A2AB91 /* CustomHeaderViewPlantsTableViewCell.swift */; };
		1AB2DB0F24D6D65300A2AB91 /* CustomHeaderViewPlantsTableViewCell.xib in Resources */ = {isa = PBXBuildFile; fileRef = 1AB2DB0D24D6D65300A2AB91 /* CustomHeaderViewPlantsTableViewCell.xib */; };
		1ADA5CB2251282BE006CF1B5 /* CreditsTableViewController.swift in Sources */ = {isa = PBXBuildFile; fileRef = 1ADA5CB1251282BE006CF1B5 /* CreditsTableViewController.swift */; };
		1ADA5CB425128B17006CF1B5 /* CreditsTableViewCell.swift in Sources */ = {isa = PBXBuildFile; fileRef = 1ADA5CB325128B17006CF1B5 /* CreditsTableViewCell.swift */; };
		1ADA5CB725128E62006CF1B5 /* CustomHeaderCreditsTableViewCell.swift in Sources */ = {isa = PBXBuildFile; fileRef = 1ADA5CB525128E62006CF1B5 /* CustomHeaderCreditsTableViewCell.swift */; };
		1ADA5CB825128E62006CF1B5 /* CustomHeaderCreditsTableViewCell.xib in Resources */ = {isa = PBXBuildFile; fileRef = 1ADA5CB625128E62006CF1B5 /* CustomHeaderCreditsTableViewCell.xib */; };
		BD375F031EF417E5784B1CF9 /* Pods_TFM_Botanica.framework in Frameworks */ = {isa = PBXBuildFile; fileRef = 096AA9B0A70D68542C996141 /* Pods_TFM_Botanica.framework */; };
/* End PBXBuildFile section */

/* Begin PBXFileReference section */
		096AA9B0A70D68542C996141 /* Pods_TFM_Botanica.framework */ = {isa = PBXFileReference; explicitFileType = wrapper.framework; includeInIndex = 0; path = Pods_TFM_Botanica.framework; sourceTree = BUILT_PRODUCTS_DIR; };
		1A175D242443292C0073181C /* QuestionTableViewController.swift */ = {isa = PBXFileReference; lastKnownFileType = sourcecode.swift; path = QuestionTableViewController.swift; sourceTree = "<group>"; };
		1A175D28244467020073181C /* CustomMarker.swift */ = {isa = PBXFileReference; lastKnownFileType = sourcecode.swift; path = CustomMarker.swift; sourceTree = "<group>"; };
		1A175D332445EE3D0073181C /* CustomMapAlertViewController.swift */ = {isa = PBXFileReference; lastKnownFileType = sourcecode.swift; path = CustomMapAlertViewController.swift; sourceTree = "<group>"; };
		1A186E8D24F7C1FE00AFE0C6 /* CustomDeleteAlertViewController.swift */ = {isa = PBXFileReference; lastKnownFileType = sourcecode.swift; path = CustomDeleteAlertViewController.swift; sourceTree = "<group>"; };
		1A5723812432008B00ADDEBB /* UAPlant.app */ = {isa = PBXFileReference; explicitFileType = wrapper.application; includeInIndex = 0; path = UAPlant.app; sourceTree = BUILT_PRODUCTS_DIR; };
		1A5723842432008B00ADDEBB /* AppDelegate.swift */ = {isa = PBXFileReference; lastKnownFileType = sourcecode.swift; path = AppDelegate.swift; sourceTree = "<group>"; };
		1A5723862432008B00ADDEBB /* SceneDelegate.swift */ = {isa = PBXFileReference; lastKnownFileType = sourcecode.swift; path = SceneDelegate.swift; sourceTree = "<group>"; };
		1A5723882432008B00ADDEBB /* ViewController.swift */ = {isa = PBXFileReference; lastKnownFileType = sourcecode.swift; path = ViewController.swift; sourceTree = "<group>"; };
		1A57238B2432008B00ADDEBB /* Base */ = {isa = PBXFileReference; lastKnownFileType = file.storyboard; name = Base; path = Base.lproj/Main.storyboard; sourceTree = "<group>"; };
		1A5723902432008D00ADDEBB /* Assets.xcassets */ = {isa = PBXFileReference; lastKnownFileType = folder.assetcatalog; path = Assets.xcassets; sourceTree = "<group>"; };
		1A5723932432008D00ADDEBB /* Base */ = {isa = PBXFileReference; lastKnownFileType = file.storyboard; name = Base; path = Base.lproj/LaunchScreen.storyboard; sourceTree = "<group>"; };
		1A5723952432008D00ADDEBB /* Info.plist */ = {isa = PBXFileReference; lastKnownFileType = text.plist.xml; path = Info.plist; sourceTree = "<group>"; };
		1A57239B243204B000ADDEBB /* RouteTableViewController.swift */ = {isa = PBXFileReference; lastKnownFileType = sourcecode.swift; path = RouteTableViewController.swift; sourceTree = "<group>"; };
		1A5723A024320BC800ADDEBB /* RouteTableViewCell.swift */ = {isa = PBXFileReference; lastKnownFileType = sourcecode.swift; path = RouteTableViewCell.swift; sourceTree = "<group>"; };
		1A5723A224321F3A00ADDEBB /* MapViewController.swift */ = {isa = PBXFileReference; lastKnownFileType = sourcecode.swift; path = MapViewController.swift; sourceTree = "<group>"; };
		1A5723AA24323F5000ADDEBB /* CustomInfoWindow.xib */ = {isa = PBXFileReference; lastKnownFileType = file.xib; path = CustomInfoWindow.xib; sourceTree = "<group>"; };
		1A5723AC2432400200ADDEBB /* CustomInfoWindow.swift */ = {isa = PBXFileReference; lastKnownFileType = sourcecode.swift; path = CustomInfoWindow.swift; sourceTree = "<group>"; };
		1A5723AF2432570700ADDEBB /* PlantsTableViewController.swift */ = {isa = PBXFileReference; lastKnownFileType = sourcecode.swift; path = PlantsTableViewController.swift; sourceTree = "<group>"; };
		1A5723B12433419E00ADDEBB /* ActivityViewController.swift */ = {isa = PBXFileReference; lastKnownFileType = sourcecode.swift; path = ActivityViewController.swift; sourceTree = "<group>"; };
		1A5723B32433487000ADDEBB /* InitViewController.swift */ = {isa = PBXFileReference; lastKnownFileType = sourcecode.swift; path = InitViewController.swift; sourceTree = "<group>"; };
		1A5723B52433522C00ADDEBB /* CameraViewController.swift */ = {isa = PBXFileReference; lastKnownFileType = sourcecode.swift; path = CameraViewController.swift; sourceTree = "<group>"; };
		1A5E217C24F5322900A88E64 /* JSON */ = {isa = PBXFileReference; lastKnownFileType = folder; path = JSON; sourceTree = "<group>"; };
		1A5E217E24F567F200A88E64 /* JSONRequest.swift */ = {isa = PBXFileReference; lastKnownFileType = sourcecode.swift; path = JSONRequest.swift; sourceTree = "<group>"; };
		1A60E47E24E160B0001FC516 /* CustomPlantAlertViewController.swift */ = {isa = PBXFileReference; lastKnownFileType = sourcecode.swift; path = CustomPlantAlertViewController.swift; sourceTree = "<group>"; };
		1A60E48024E2ADF9001FC516 /* CustomTestAlertViewController.swift */ = {isa = PBXFileReference; lastKnownFileType = sourcecode.swift; path = CustomTestAlertViewController.swift; sourceTree = "<group>"; };
		1A60E48524E5615D001FC516 /* CustomReportAlertViewController.swift */ = {isa = PBXFileReference; lastKnownFileType = sourcecode.swift; path = CustomReportAlertViewController.swift; sourceTree = "<group>"; };
		1A60E48924EA82AA001FC516 /* ZoomPhotoViewController.swift */ = {isa = PBXFileReference; lastKnownFileType = sourcecode.swift; path = ZoomPhotoViewController.swift; sourceTree = "<group>"; };
		1A60E48B24EA9EA3001FC516 /* CustomUIImage.swift */ = {isa = PBXFileReference; lastKnownFileType = sourcecode.swift; path = CustomUIImage.swift; sourceTree = "<group>"; };
		1A60E48F24EBDAC3001FC516 /* ImageCollectionViewCell.swift */ = {isa = PBXFileReference; lastKnownFileType = sourcecode.swift; path = ImageCollectionViewCell.swift; sourceTree = "<group>"; };
		1A83BCC524DAB3BD00A69665 /* SendQuestionTableViewCell.swift */ = {isa = PBXFileReference; lastKnownFileType = sourcecode.swift; path = SendQuestionTableViewCell.swift; sourceTree = "<group>"; };
		1A83BCC724DC919200A69665 /* CustomColors.swift */ = {isa = PBXFileReference; lastKnownFileType = sourcecode.swift; path = CustomColors.swift; sourceTree = "<group>"; };
		1A84BC832469915D00E92EE6 /* TFM_Botanica.xcdatamodel */ = {isa = PBXFileReference; lastKnownFileType = wrapper.xcdatamodel; path = TFM_Botanica.xcdatamodel; sourceTree = "<group>"; };
		1A84BC89246AA9AC00E92EE6 /* QuestionTableViewCell.swift */ = {isa = PBXFileReference; lastKnownFileType = sourcecode.swift; path = QuestionTableViewCell.swift; sourceTree = "<group>"; };
		1A84BC8B246AB42A00E92EE6 /* iOSDropDown.framework */ = {isa = PBXFileReference; explicitFileType = wrapper.framework; path = iOSDropDown.framework; sourceTree = BUILT_PRODUCTS_DIR; };
		1AB2DB0224D593D800A2AB91 /* PlantsViewController.swift */ = {isa = PBXFileReference; lastKnownFileType = sourcecode.swift; path = PlantsViewController.swift; sourceTree = "<group>"; };
		1AB2DB0624D6001D00A2AB91 /* CustomHeaderViewRoutesTableViewCell.swift */ = {isa = PBXFileReference; lastKnownFileType = sourcecode.swift; path = CustomHeaderViewRoutesTableViewCell.swift; sourceTree = "<group>"; };
		1AB2DB0724D6001D00A2AB91 /* CustomHeaderViewRoutesTableViewCell.xib */ = {isa = PBXFileReference; lastKnownFileType = file.xib; path = CustomHeaderViewRoutesTableViewCell.xib; sourceTree = "<group>"; };
		1AB2DB0A24D6D13500A2AB91 /* PlantsTableViewCell.swift */ = {isa = PBXFileReference; lastKnownFileType = sourcecode.swift; path = PlantsTableViewCell.swift; sourceTree = "<group>"; };
		1AB2DB0C24D6D65300A2AB91 /* CustomHeaderViewPlantsTableViewCell.swift */ = {isa = PBXFileReference; lastKnownFileType = sourcecode.swift; path = CustomHeaderViewPlantsTableViewCell.swift; sourceTree = "<group>"; };
		1AB2DB0D24D6D65300A2AB91 /* CustomHeaderViewPlantsTableViewCell.xib */ = {isa = PBXFileReference; lastKnownFileType = file.xib; path = CustomHeaderViewPlantsTableViewCell.xib; sourceTree = "<group>"; };
		1ADA5CB1251282BE006CF1B5 /* CreditsTableViewController.swift */ = {isa = PBXFileReference; lastKnownFileType = sourcecode.swift; path = CreditsTableViewController.swift; sourceTree = "<group>"; };
		1ADA5CB325128B17006CF1B5 /* CreditsTableViewCell.swift */ = {isa = PBXFileReference; lastKnownFileType = sourcecode.swift; path = CreditsTableViewCell.swift; sourceTree = "<group>"; };
		1ADA5CB525128E62006CF1B5 /* CustomHeaderCreditsTableViewCell.swift */ = {isa = PBXFileReference; lastKnownFileType = sourcecode.swift; path = CustomHeaderCreditsTableViewCell.swift; sourceTree = "<group>"; };
		1ADA5CB625128E62006CF1B5 /* CustomHeaderCreditsTableViewCell.xib */ = {isa = PBXFileReference; lastKnownFileType = file.xib; path = CustomHeaderCreditsTableViewCell.xib; sourceTree = "<group>"; };
		49B57BB4BC93C8C5A404B45C /* Pods-TFM-Botanica.debug.xcconfig */ = {isa = PBXFileReference; includeInIndex = 1; lastKnownFileType = text.xcconfig; name = "Pods-TFM-Botanica.debug.xcconfig"; path = "Target Support Files/Pods-TFM-Botanica/Pods-TFM-Botanica.debug.xcconfig"; sourceTree = "<group>"; };
		C0A4CA91A12F1BF741A538B5 /* Pods-TFM-Botanica.release.xcconfig */ = {isa = PBXFileReference; includeInIndex = 1; lastKnownFileType = text.xcconfig; name = "Pods-TFM-Botanica.release.xcconfig"; path = "Target Support Files/Pods-TFM-Botanica/Pods-TFM-Botanica.release.xcconfig"; sourceTree = "<group>"; };
/* End PBXFileReference section */

/* Begin PBXFrameworksBuildPhase section */
		1A57237E2432008B00ADDEBB /* Frameworks */ = {
			isa = PBXFrameworksBuildPhase;
			buildActionMask = 2147483647;
			files = (
				1A84BC8C246AB42A00E92EE6 /* iOSDropDown.framework in Frameworks */,
				BD375F031EF417E5784B1CF9 /* Pods_TFM_Botanica.framework in Frameworks */,
			);
			runOnlyForDeploymentPostprocessing = 0;
		};
/* End PBXFrameworksBuildPhase section */

/* Begin PBXGroup section */
		1A175D2C244472270073181C /* Utils */ = {
			isa = PBXGroup;
			children = (
				1A175D28244467020073181C /* CustomMarker.swift */,
				1A5723AC2432400200ADDEBB /* CustomInfoWindow.swift */,
				1A5723AA24323F5000ADDEBB /* CustomInfoWindow.xib */,
				1A175D332445EE3D0073181C /* CustomMapAlertViewController.swift */,
				1A83BCC724DC919200A69665 /* CustomColors.swift */,
				1A60E48B24EA9EA3001FC516 /* CustomUIImage.swift */,
				1A60E47E24E160B0001FC516 /* CustomPlantAlertViewController.swift */,
				1A60E48024E2ADF9001FC516 /* CustomTestAlertViewController.swift */,
				1A60E48524E5615D001FC516 /* CustomReportAlertViewController.swift */,
				1A186E8D24F7C1FE00AFE0C6 /* CustomDeleteAlertViewController.swift */,
				1A60E48924EA82AA001FC516 /* ZoomPhotoViewController.swift */,
				1A60E48F24EBDAC3001FC516 /* ImageCollectionViewCell.swift */,
				1A5E217E24F567F200A88E64 /* JSONRequest.swift */,
			);
			path = Utils;
			sourceTree = "<group>";
		};
		1A5723782432008B00ADDEBB = {
			isa = PBXGroup;
			children = (
				1A5723832432008B00ADDEBB /* TFM-Botanica */,
				1A5723822432008B00ADDEBB /* Products */,
				807CE7A2D9B039026E0B46B7 /* Pods */,
				3A7DED14477416194D574BEA /* Frameworks */,
			);
			sourceTree = "<group>";
		};
		1A5723822432008B00ADDEBB /* Products */ = {
			isa = PBXGroup;
			children = (
				1A5723812432008B00ADDEBB /* UAPlant.app */,
			);
			name = Products;
			sourceTree = "<group>";
		};
		1A5723832432008B00ADDEBB /* TFM-Botanica */ = {
			isa = PBXGroup;
			children = (
				1A5E217C24F5322900A88E64 /* JSON */,
				1A5723842432008B00ADDEBB /* AppDelegate.swift */,
				1A5723862432008B00ADDEBB /* SceneDelegate.swift */,
				1A5723882432008B00ADDEBB /* ViewController.swift */,
				1A57238A2432008B00ADDEBB /* Main.storyboard */,
				1A5723B32433487000ADDEBB /* InitViewController.swift */,
				1A175D2C244472270073181C /* Utils */,
				1A57239F24320A7000ADDEBB /* Routes */,
				1A5723AE2432566A00ADDEBB /* Plants */,
				1A60E48224E556C8001FC516 /* Credits */,
				1A5723902432008D00ADDEBB /* Assets.xcassets */,
				1A5723922432008D00ADDEBB /* LaunchScreen.storyboard */,
				1A84BC822469915D00E92EE6 /* TFM_Botanica.xcdatamodeld */,
				1A5723952432008D00ADDEBB /* Info.plist */,
			);
			path = "TFM-Botanica";
			sourceTree = "<group>";
		};
		1A57239F24320A7000ADDEBB /* Routes */ = {
			isa = PBXGroup;
			children = (
				1A57239B243204B000ADDEBB /* RouteTableViewController.swift */,
				1A5723A024320BC800ADDEBB /* RouteTableViewCell.swift */,
				1A5723A224321F3A00ADDEBB /* MapViewController.swift */,
				1A5723B12433419E00ADDEBB /* ActivityViewController.swift */,
				1A5723B52433522C00ADDEBB /* CameraViewController.swift */,
				1A175D242443292C0073181C /* QuestionTableViewController.swift */,
				1A84BC89246AA9AC00E92EE6 /* QuestionTableViewCell.swift */,
				1A83BCC524DAB3BD00A69665 /* SendQuestionTableViewCell.swift */,
				1AB2DB0624D6001D00A2AB91 /* CustomHeaderViewRoutesTableViewCell.swift */,
				1AB2DB0724D6001D00A2AB91 /* CustomHeaderViewRoutesTableViewCell.xib */,
			);
			path = Routes;
			sourceTree = "<group>";
		};
		1A5723AE2432566A00ADDEBB /* Plants */ = {
			isa = PBXGroup;
			children = (
				1A5723AF2432570700ADDEBB /* PlantsTableViewController.swift */,
				1AB2DB0A24D6D13500A2AB91 /* PlantsTableViewCell.swift */,
				1AB2DB0224D593D800A2AB91 /* PlantsViewController.swift */,
				1AB2DB0C24D6D65300A2AB91 /* CustomHeaderViewPlantsTableViewCell.swift */,
				1AB2DB0D24D6D65300A2AB91 /* CustomHeaderViewPlantsTableViewCell.xib */,
			);
			path = Plants;
			sourceTree = "<group>";
		};
		1A60E48224E556C8001FC516 /* Credits */ = {
			isa = PBXGroup;
			children = (
				1ADA5CB1251282BE006CF1B5 /* CreditsTableViewController.swift */,
				1ADA5CB325128B17006CF1B5 /* CreditsTableViewCell.swift */,
				1ADA5CB525128E62006CF1B5 /* CustomHeaderCreditsTableViewCell.swift */,
				1ADA5CB625128E62006CF1B5 /* CustomHeaderCreditsTableViewCell.xib */,
			);
			path = Credits;
			sourceTree = "<group>";
		};
		3A7DED14477416194D574BEA /* Frameworks */ = {
			isa = PBXGroup;
			children = (
				1A84BC8B246AB42A00E92EE6 /* iOSDropDown.framework */,
				096AA9B0A70D68542C996141 /* Pods_TFM_Botanica.framework */,
			);
			name = Frameworks;
			sourceTree = "<group>";
		};
		807CE7A2D9B039026E0B46B7 /* Pods */ = {
			isa = PBXGroup;
			children = (
				49B57BB4BC93C8C5A404B45C /* Pods-TFM-Botanica.debug.xcconfig */,
				C0A4CA91A12F1BF741A538B5 /* Pods-TFM-Botanica.release.xcconfig */,
			);
			path = Pods;
			sourceTree = "<group>";
		};
/* End PBXGroup section */

/* Begin PBXNativeTarget section */
		1A5723802432008B00ADDEBB /* TFM-Botanica */ = {
			isa = PBXNativeTarget;
			buildConfigurationList = 1A5723982432008D00ADDEBB /* Build configuration list for PBXNativeTarget "TFM-Botanica" */;
			buildPhases = (
				475AE11A884F0EF11DF10BD6 /* [CP] Check Pods Manifest.lock */,
				1A57237D2432008B00ADDEBB /* Sources */,
				1A57237E2432008B00ADDEBB /* Frameworks */,
				1A57237F2432008B00ADDEBB /* Resources */,
				E82DCE04A29EC0E4E4AE13CC /* [CP] Copy Pods Resources */,
				34C0AEB6B865270B75BB973D /* [CP] Embed Pods Frameworks */,
			);
			buildRules = (
			);
			dependencies = (
			);
			name = "TFM-Botanica";
			productName = "TFM-Botanica";
			productReference = 1A5723812432008B00ADDEBB /* UAPlant.app */;
			productType = "com.apple.product-type.application";
		};
/* End PBXNativeTarget section */

/* Begin PBXProject section */
		1A5723792432008B00ADDEBB /* Project object */ = {
			isa = PBXProject;
			attributes = {
				LastSwiftUpdateCheck = 1130;
				LastUpgradeCheck = 1130;
				ORGANIZATIONNAME = "Pablo López Iborra";
				TargetAttributes = {
					1A5723802432008B00ADDEBB = {
						CreatedOnToolsVersion = 11.3.1;
					};
				};
			};
			buildConfigurationList = 1A57237C2432008B00ADDEBB /* Build configuration list for PBXProject "TFM-Botanica" */;
			compatibilityVersion = "Xcode 9.3";
			developmentRegion = en;
			hasScannedForEncodings = 0;
			knownRegions = (
				en,
				Base,
			);
			mainGroup = 1A5723782432008B00ADDEBB;
			productRefGroup = 1A5723822432008B00ADDEBB /* Products */;
			projectDirPath = "";
			projectRoot = "";
			targets = (
				1A5723802432008B00ADDEBB /* TFM-Botanica */,
			);
		};
/* End PBXProject section */

/* Begin PBXResourcesBuildPhase section */
		1A57237F2432008B00ADDEBB /* Resources */ = {
			isa = PBXResourcesBuildPhase;
			buildActionMask = 2147483647;
			files = (
				1AB2DB0F24D6D65300A2AB91 /* CustomHeaderViewPlantsTableViewCell.xib in Resources */,
				1A5723AB24323F5000ADDEBB /* CustomInfoWindow.xib in Resources */,
				1ADA5CB825128E62006CF1B5 /* CustomHeaderCreditsTableViewCell.xib in Resources */,
				1AB2DB0924D6001D00A2AB91 /* CustomHeaderViewRoutesTableViewCell.xib in Resources */,
				1A5723942432008D00ADDEBB /* LaunchScreen.storyboard in Resources */,
				1A5723912432008D00ADDEBB /* Assets.xcassets in Resources */,
				1A5E217D24F5322900A88E64 /* JSON in Resources */,
				1A57238C2432008B00ADDEBB /* Main.storyboard in Resources */,
			);
			runOnlyForDeploymentPostprocessing = 0;
		};
/* End PBXResourcesBuildPhase section */

/* Begin PBXShellScriptBuildPhase section */
		34C0AEB6B865270B75BB973D /* [CP] Embed Pods Frameworks */ = {
			isa = PBXShellScriptBuildPhase;
			buildActionMask = 2147483647;
			files = (
			);
			inputFileListPaths = (
				"${PODS_ROOT}/Target Support Files/Pods-TFM-Botanica/Pods-TFM-Botanica-frameworks-${CONFIGURATION}-input-files.xcfilelist",
			);
			name = "[CP] Embed Pods Frameworks";
			outputFileListPaths = (
				"${PODS_ROOT}/Target Support Files/Pods-TFM-Botanica/Pods-TFM-Botanica-frameworks-${CONFIGURATION}-output-files.xcfilelist",
			);
			runOnlyForDeploymentPostprocessing = 0;
			shellPath = /bin/sh;
			shellScript = "\"${PODS_ROOT}/Target Support Files/Pods-TFM-Botanica/Pods-TFM-Botanica-frameworks.sh\"\n";
			showEnvVarsInLog = 0;
		};
		475AE11A884F0EF11DF10BD6 /* [CP] Check Pods Manifest.lock */ = {
			isa = PBXShellScriptBuildPhase;
			buildActionMask = 2147483647;
			files = (
			);
			inputFileListPaths = (
			);
			inputPaths = (
				"${PODS_PODFILE_DIR_PATH}/Podfile.lock",
				"${PODS_ROOT}/Manifest.lock",
			);
			name = "[CP] Check Pods Manifest.lock";
			outputFileListPaths = (
			);
			outputPaths = (
				"$(DERIVED_FILE_DIR)/Pods-TFM-Botanica-checkManifestLockResult.txt",
			);
			runOnlyForDeploymentPostprocessing = 0;
			shellPath = /bin/sh;
			shellScript = "diff \"${PODS_PODFILE_DIR_PATH}/Podfile.lock\" \"${PODS_ROOT}/Manifest.lock\" > /dev/null\nif [ $? != 0 ] ; then\n    # print error to STDERR\n    echo \"error: The sandbox is not in sync with the Podfile.lock. Run 'pod install' or update your CocoaPods installation.\" >&2\n    exit 1\nfi\n# This output is used by Xcode 'outputs' to avoid re-running this script phase.\necho \"SUCCESS\" > \"${SCRIPT_OUTPUT_FILE_0}\"\n";
			showEnvVarsInLog = 0;
		};
		E82DCE04A29EC0E4E4AE13CC /* [CP] Copy Pods Resources */ = {
			isa = PBXShellScriptBuildPhase;
			buildActionMask = 2147483647;
			files = (
			);
			inputFileListPaths = (
				"${PODS_ROOT}/Target Support Files/Pods-TFM-Botanica/Pods-TFM-Botanica-resources-${CONFIGURATION}-input-files.xcfilelist",
			);
			name = "[CP] Copy Pods Resources";
			outputFileListPaths = (
				"${PODS_ROOT}/Target Support Files/Pods-TFM-Botanica/Pods-TFM-Botanica-resources-${CONFIGURATION}-output-files.xcfilelist",
			);
			runOnlyForDeploymentPostprocessing = 0;
			shellPath = /bin/sh;
			shellScript = "\"${PODS_ROOT}/Target Support Files/Pods-TFM-Botanica/Pods-TFM-Botanica-resources.sh\"\n";
			showEnvVarsInLog = 0;
		};
/* End PBXShellScriptBuildPhase section */

/* Begin PBXSourcesBuildPhase section */
		1A57237D2432008B00ADDEBB /* Sources */ = {
			isa = PBXSourcesBuildPhase;
			buildActionMask = 2147483647;
			files = (
				1A5723AD2432400200ADDEBB /* CustomInfoWindow.swift in Sources */,
				1A57239C243204B000ADDEBB /* RouteTableViewController.swift in Sources */,
				1A5723B22433419E00ADDEBB /* ActivityViewController.swift in Sources */,
				1A60E48A24EA82AA001FC516 /* ZoomPhotoViewController.swift in Sources */,
				1A5723892432008B00ADDEBB /* ViewController.swift in Sources */,
				1A5723B62433522C00ADDEBB /* CameraViewController.swift in Sources */,
				1A186E8E24F7C1FE00AFE0C6 /* CustomDeleteAlertViewController.swift in Sources */,
				1A175D29244467020073181C /* CustomMarker.swift in Sources */,
				1A60E49124EBDAC3001FC516 /* ImageCollectionViewCell.swift in Sources */,
				1ADA5CB2251282BE006CF1B5 /* CreditsTableViewController.swift in Sources */,
				1AB2DB0B24D6D13500A2AB91 /* PlantsTableViewCell.swift in Sources */,
				1A175D252443292C0073181C /* QuestionTableViewController.swift in Sources */,
				1AB2DB0E24D6D65300A2AB91 /* CustomHeaderViewPlantsTableViewCell.swift in Sources */,
				1A5723B42433487000ADDEBB /* InitViewController.swift in Sources */,
				1A84BC8A246AA9AC00E92EE6 /* QuestionTableViewCell.swift in Sources */,
				1ADA5CB425128B17006CF1B5 /* CreditsTableViewCell.swift in Sources */,
				1A60E47F24E160B0001FC516 /* CustomPlantAlertViewController.swift in Sources */,
				1A5723B02432570700ADDEBB /* PlantsTableViewController.swift in Sources */,
				1A5723852432008B00ADDEBB /* AppDelegate.swift in Sources */,
				1A5E217F24F567F200A88E64 /* JSONRequest.swift in Sources */,
				1A83BCC624DAB3BD00A69665 /* SendQuestionTableViewCell.swift in Sources */,
				1A175D342445EE3D0073181C /* CustomMapAlertViewController.swift in Sources */,
				1A60E48124E2ADF9001FC516 /* CustomTestAlertViewController.swift in Sources */,
				1A5723872432008B00ADDEBB /* SceneDelegate.swift in Sources */,
				1A83BCC824DC919200A69665 /* CustomColors.swift in Sources */,
				1AB2DB0324D593D800A2AB91 /* PlantsViewController.swift in Sources */,
				1A84BC842469915D00E92EE6 /* TFM_Botanica.xcdatamodeld in Sources */,
				1A60E48624E5615D001FC516 /* CustomReportAlertViewController.swift in Sources */,
				1A5723A124320BC800ADDEBB /* RouteTableViewCell.swift in Sources */,
				1AB2DB0824D6001D00A2AB91 /* CustomHeaderViewRoutesTableViewCell.swift in Sources */,
				1A60E48C24EA9EA3001FC516 /* CustomUIImage.swift in Sources */,
				1A5723A324321F3A00ADDEBB /* MapViewController.swift in Sources */,
				1ADA5CB725128E62006CF1B5 /* CustomHeaderCreditsTableViewCell.swift in Sources */,
			);
			runOnlyForDeploymentPostprocessing = 0;
		};
/* End PBXSourcesBuildPhase section */

/* Begin PBXVariantGroup section */
		1A57238A2432008B00ADDEBB /* Main.storyboard */ = {
			isa = PBXVariantGroup;
			children = (
				1A57238B2432008B00ADDEBB /* Base */,
			);
			name = Main.storyboard;
			sourceTree = "<group>";
		};
		1A5723922432008D00ADDEBB /* LaunchScreen.storyboard */ = {
			isa = PBXVariantGroup;
			children = (
				1A5723932432008D00ADDEBB /* Base */,
			);
			name = LaunchScreen.storyboard;
			sourceTree = "<group>";
		};
/* End PBXVariantGroup section */

/* Begin XCBuildConfiguration section */
		1A5723962432008D00ADDEBB /* Debug */ = {
			isa = XCBuildConfiguration;
			buildSettings = {
				ALWAYS_SEARCH_USER_PATHS = NO;
				CLANG_ANALYZER_NONNULL = YES;
				CLANG_ANALYZER_NUMBER_OBJECT_CONVERSION = YES_AGGRESSIVE;
				CLANG_CXX_LANGUAGE_STANDARD = "gnu++14";
				CLANG_CXX_LIBRARY = "libc++";
				CLANG_ENABLE_MODULES = YES;
				CLANG_ENABLE_OBJC_ARC = YES;
				CLANG_ENABLE_OBJC_WEAK = YES;
				CLANG_WARN_BLOCK_CAPTURE_AUTORELEASING = YES;
				CLANG_WARN_BOOL_CONVERSION = YES;
				CLANG_WARN_COMMA = YES;
				CLANG_WARN_CONSTANT_CONVERSION = YES;
				CLANG_WARN_DEPRECATED_OBJC_IMPLEMENTATIONS = YES;
				CLANG_WARN_DIRECT_OBJC_ISA_USAGE = YES_ERROR;
				CLANG_WARN_DOCUMENTATION_COMMENTS = YES;
				CLANG_WARN_EMPTY_BODY = YES;
				CLANG_WARN_ENUM_CONVERSION = YES;
				CLANG_WARN_INFINITE_RECURSION = YES;
				CLANG_WARN_INT_CONVERSION = YES;
				CLANG_WARN_NON_LITERAL_NULL_CONVERSION = YES;
				CLANG_WARN_OBJC_IMPLICIT_RETAIN_SELF = YES;
				CLANG_WARN_OBJC_LITERAL_CONVERSION = YES;
				CLANG_WARN_OBJC_ROOT_CLASS = YES_ERROR;
				CLANG_WARN_RANGE_LOOP_ANALYSIS = YES;
				CLANG_WARN_STRICT_PROTOTYPES = YES;
				CLANG_WARN_SUSPICIOUS_MOVE = YES;
				CLANG_WARN_UNGUARDED_AVAILABILITY = YES_AGGRESSIVE;
				CLANG_WARN_UNREACHABLE_CODE = YES;
				CLANG_WARN__DUPLICATE_METHOD_MATCH = YES;
				COPY_PHASE_STRIP = NO;
				DEBUG_INFORMATION_FORMAT = dwarf;
				ENABLE_STRICT_OBJC_MSGSEND = YES;
				ENABLE_TESTABILITY = YES;
				GCC_C_LANGUAGE_STANDARD = gnu11;
				GCC_DYNAMIC_NO_PIC = NO;
				GCC_NO_COMMON_BLOCKS = YES;
				GCC_OPTIMIZATION_LEVEL = 0;
				GCC_PREPROCESSOR_DEFINITIONS = (
					"DEBUG=1",
					"$(inherited)",
				);
				GCC_WARN_64_TO_32_BIT_CONVERSION = YES;
				GCC_WARN_ABOUT_RETURN_TYPE = YES_ERROR;
				GCC_WARN_UNDECLARED_SELECTOR = YES;
				GCC_WARN_UNINITIALIZED_AUTOS = YES_AGGRESSIVE;
				GCC_WARN_UNUSED_FUNCTION = YES;
				GCC_WARN_UNUSED_VARIABLE = YES;
				IPHONEOS_DEPLOYMENT_TARGET = 13.2;
				MTL_ENABLE_DEBUG_INFO = INCLUDE_SOURCE;
				MTL_FAST_MATH = YES;
				ONLY_ACTIVE_ARCH = YES;
				SDKROOT = iphoneos;
				SWIFT_ACTIVE_COMPILATION_CONDITIONS = DEBUG;
				SWIFT_OPTIMIZATION_LEVEL = "-Onone";
			};
			name = Debug;
		};
		1A5723972432008D00ADDEBB /* Release */ = {
			isa = XCBuildConfiguration;
			buildSettings = {
				ALWAYS_SEARCH_USER_PATHS = NO;
				CLANG_ANALYZER_NONNULL = YES;
				CLANG_ANALYZER_NUMBER_OBJECT_CONVERSION = YES_AGGRESSIVE;
				CLANG_CXX_LANGUAGE_STANDARD = "gnu++14";
				CLANG_CXX_LIBRARY = "libc++";
				CLANG_ENABLE_MODULES = YES;
				CLANG_ENABLE_OBJC_ARC = YES;
				CLANG_ENABLE_OBJC_WEAK = YES;
				CLANG_WARN_BLOCK_CAPTURE_AUTORELEASING = YES;
				CLANG_WARN_BOOL_CONVERSION = YES;
				CLANG_WARN_COMMA = YES;
				CLANG_WARN_CONSTANT_CONVERSION = YES;
				CLANG_WARN_DEPRECATED_OBJC_IMPLEMENTATIONS = YES;
				CLANG_WARN_DIRECT_OBJC_ISA_USAGE = YES_ERROR;
				CLANG_WARN_DOCUMENTATION_COMMENTS = YES;
				CLANG_WARN_EMPTY_BODY = YES;
				CLANG_WARN_ENUM_CONVERSION = YES;
				CLANG_WARN_INFINITE_RECURSION = YES;
				CLANG_WARN_INT_CONVERSION = YES;
				CLANG_WARN_NON_LITERAL_NULL_CONVERSION = YES;
				CLANG_WARN_OBJC_IMPLICIT_RETAIN_SELF = YES;
				CLANG_WARN_OBJC_LITERAL_CONVERSION = YES;
				CLANG_WARN_OBJC_ROOT_CLASS = YES_ERROR;
				CLANG_WARN_RANGE_LOOP_ANALYSIS = YES;
				CLANG_WARN_STRICT_PROTOTYPES = YES;
				CLANG_WARN_SUSPICIOUS_MOVE = YES;
				CLANG_WARN_UNGUARDED_AVAILABILITY = YES_AGGRESSIVE;
				CLANG_WARN_UNREACHABLE_CODE = YES;
				CLANG_WARN__DUPLICATE_METHOD_MATCH = YES;
				COPY_PHASE_STRIP = NO;
				DEBUG_INFORMATION_FORMAT = "dwarf-with-dsym";
				ENABLE_NS_ASSERTIONS = NO;
				ENABLE_STRICT_OBJC_MSGSEND = YES;
				GCC_C_LANGUAGE_STANDARD = gnu11;
				GCC_NO_COMMON_BLOCKS = YES;
				GCC_WARN_64_TO_32_BIT_CONVERSION = YES;
				GCC_WARN_ABOUT_RETURN_TYPE = YES_ERROR;
				GCC_WARN_UNDECLARED_SELECTOR = YES;
				GCC_WARN_UNINITIALIZED_AUTOS = YES_AGGRESSIVE;
				GCC_WARN_UNUSED_FUNCTION = YES;
				GCC_WARN_UNUSED_VARIABLE = YES;
				IPHONEOS_DEPLOYMENT_TARGET = 13.2;
				MTL_ENABLE_DEBUG_INFO = NO;
				MTL_FAST_MATH = YES;
				SDKROOT = iphoneos;
				SWIFT_COMPILATION_MODE = wholemodule;
				SWIFT_OPTIMIZATION_LEVEL = "-O";
				VALIDATE_PRODUCT = YES;
			};
			name = Release;
		};
		1A5723992432008D00ADDEBB /* Debug */ = {
			isa = XCBuildConfiguration;
			baseConfigurationReference = 49B57BB4BC93C8C5A404B45C /* Pods-TFM-Botanica.debug.xcconfig */;
			buildSettings = {
				ASSETCATALOG_COMPILER_APPICON_NAME = AppIcon;
				CODE_SIGN_STYLE = Automatic;
				DEVELOPMENT_TEAM = D8T76T536P;
				INFOPLIST_FILE = "TFM-Botanica/Info.plist";
				LD_RUNPATH_SEARCH_PATHS = (
					"$(inherited)",
					"@executable_path/Frameworks",
				);
				PRODUCT_BUNDLE_IDENTIFIER = "com.pabloliborra.TFM-Botanica";
				PRODUCT_NAME = UAPlant;
				SWIFT_VERSION = 5.0;
				TARGETED_DEVICE_FAMILY = "1,2";
			};
			name = Debug;
		};
		1A57239A2432008D00ADDEBB /* Release */ = {
			isa = XCBuildConfiguration;
			baseConfigurationReference = C0A4CA91A12F1BF741A538B5 /* Pods-TFM-Botanica.release.xcconfig */;
			buildSettings = {
				ASSETCATALOG_COMPILER_APPICON_NAME = AppIcon;
				CODE_SIGN_STYLE = Automatic;
				DEVELOPMENT_TEAM = D8T76T536P;
				INFOPLIST_FILE = "TFM-Botanica/Info.plist";
				LD_RUNPATH_SEARCH_PATHS = (
					"$(inherited)",
					"@executable_path/Frameworks",
				);
				PRODUCT_BUNDLE_IDENTIFIER = "com.pabloliborra.TFM-Botanica";
				PRODUCT_NAME = UAPlant;
				SWIFT_VERSION = 5.0;
				TARGETED_DEVICE_FAMILY = "1,2";
			};
			name = Release;
		};
/* End XCBuildConfiguration section */

/* Begin XCConfigurationList section */
		1A57237C2432008B00ADDEBB /* Build configuration list for PBXProject "TFM-Botanica" */ = {
			isa = XCConfigurationList;
			buildConfigurations = (
				1A5723962432008D00ADDEBB /* Debug */,
				1A5723972432008D00ADDEBB /* Release */,
			);
			defaultConfigurationIsVisible = 0;
			defaultConfigurationName = Release;
		};
		1A5723982432008D00ADDEBB /* Build configuration list for PBXNativeTarget "TFM-Botanica" */ = {
			isa = XCConfigurationList;
			buildConfigurations = (
				1A5723992432008D00ADDEBB /* Debug */,
				1A57239A2432008D00ADDEBB /* Release */,
			);
			defaultConfigurationIsVisible = 0;
			defaultConfigurationName = Release;
		};
/* End XCConfigurationList section */

/* Begin XCVersionGroup section */
		1A84BC822469915D00E92EE6 /* TFM_Botanica.xcdatamodeld */ = {
			isa = XCVersionGroup;
			children = (
				1A84BC832469915D00E92EE6 /* TFM_Botanica.xcdatamodel */,
			);
			currentVersion = 1A84BC832469915D00E92EE6 /* TFM_Botanica.xcdatamodel */;
			path = TFM_Botanica.xcdatamodeld;
			sourceTree = "<group>";
			versionGroupType = wrapper.xcdatamodel;
		};
/* End XCVersionGroup section */
	};
	rootObject = 1A5723792432008B00ADDEBB /* Project object */;
}
